
Microsoft Visual Studio Solution File, Format Version 12.00
# Visual Studio Version 17
VisualStudioVersion = 17.0.31903.59
MinimumVisualStudioVersion = 10.0.40219.1
Project("{2150E333-8FDC-42A3-9474-1A3956D46DE8}") = "Core", "Core", "{8E38BC9A-C2F9-4AA4-8A77-26FD61161611}"
EndProject
Project("{2150E333-8FDC-42A3-9474-1A3956D46DE8}") = "Infra", "Infra", "{1DD1BF2E-11CD-4EF1-82DD-F1B920C3050C}"
EndProject
Project("{2150E333-8FDC-42A3-9474-1A3956D46DE8}") = "EndPoint", "EndPoint", "{0D6343CB-AE8D-4BE7-A21D-D8822BAF7A0A}"
EndProject
Project("{9A19103F-16F7-4668-BE54-9A1E7A4F7556}") = "Eva.Core.Domain", "Eva.Core.Domain\Eva.Core.Domain.csproj", "{A42D02CD-0213-4C2A-B28D-1BB27CF89D01}"
EndProject
Project("{9A19103F-16F7-4668-BE54-9A1E7A4F7556}") = "Eva.Core.ApplicationService", "Eva.Core.ApplicationService\Eva.Core.ApplicationService.csproj", "{F17AEC3B-210B-4BA6-8157-5094E1E17618}"
EndProject
Project("{9A19103F-16F7-4668-BE54-9A1E7A4F7556}") = "Eva.Infra.Tools", "Eva.Infra.Tools\Eva.Infra.Tools.csproj", "{B83333D7-93B4-459A-9A35-FAA2B9469040}"
EndProject
Project("{9A19103F-16F7-4668-BE54-9A1E7A4F7556}") = "Eva.Infra.EntityFramework", "Eva.Infra.EntityFramework\Eva.Infra.EntityFramework.csproj", "{3B98BDAF-427F-4E7C-92B6-FBF4552191AB}"
EndProject
Project("{9A19103F-16F7-4668-BE54-9A1E7A4F7556}") = "Eva.EndPoint.API", "Eva.EndPoint.API\Eva.EndPoint.API.csproj", "{40AE488A-0D18-4F2D-93BE-C216A7220CC7}"
EndProject
Project("{2150E333-8FDC-42A3-9474-1A3956D46DE8}") = "UnitTest", "UnitTest", "{C49AE4DF-5A07-46FF-A4B3-BE22CB861236}"
EndProject
Project("{9A19103F-16F7-4668-BE54-9A1E7A4F7556}") = "Eva.UnitTest.xUnit", "Eva.UnitTest.xUnit\Eva.UnitTest.xUnit.csproj", "{19DD71CE-0D94-4429-87C5-AC86223653DE}"
EndProject
Project("{2150E333-8FDC-42A3-9474-1A3956D46DE8}") = "WorkingDirectory", "WorkingDirectory", "{6C5C2CA6-D938-44CC-8142-343CC34D88F8}"
EndProject
Global
	GlobalSection(SolutionConfigurationPlatforms) = preSolution
		Debug|Any CPU = Debug|Any CPU
		Release|Any CPU = Release|Any CPU
	EndGlobalSection
	GlobalSection(ProjectConfigurationPlatforms) = postSolution
		{A42D02CD-0213-4C2A-B28D-1BB27CF89D01}.Debug|Any CPU.ActiveCfg = Debug|Any CPU
		{A42D02CD-0213-4C2A-B28D-1BB27CF89D01}.Debug|Any CPU.Build.0 = Debug|Any CPU
		{A42D02CD-0213-4C2A-B28D-1BB27CF89D01}.Release|Any CPU.ActiveCfg = Release|Any CPU
		{A42D02CD-0213-4C2A-B28D-1BB27CF89D01}.Release|Any CPU.Build.0 = Release|Any CPU
		{F17AEC3B-210B-4BA6-8157-5094E1E17618}.Debug|Any CPU.ActiveCfg = Debug|Any CPU
		{F17AEC3B-210B-4BA6-8157-5094E1E17618}.Debug|Any CPU.Build.0 = Debug|Any CPU
		{F17AEC3B-210B-4BA6-8157-5094E1E17618}.Release|Any CPU.ActiveCfg = Release|Any CPU
		{F17AEC3B-210B-4BA6-8157-5094E1E17618}.Release|Any CPU.Build.0 = Release|Any CPU
		{B83333D7-93B4-459A-9A35-FAA2B9469040}.Debug|Any CPU.ActiveCfg = Debug|Any CPU
		{B83333D7-93B4-459A-9A35-FAA2B9469040}.Debug|Any CPU.Build.0 = Debug|Any CPU
		{B83333D7-93B4-459A-9A35-FAA2B9469040}.Release|Any CPU.ActiveCfg = Release|Any CPU
		{B83333D7-93B4-459A-9A35-FAA2B9469040}.Release|Any CPU.Build.0 = Release|Any CPU
		{3B98BDAF-427F-4E7C-92B6-FBF4552191AB}.Debug|Any CPU.ActiveCfg = Debug|Any CPU
		{3B98BDAF-427F-4E7C-92B6-FBF4552191AB}.Debug|Any CPU.Build.0 = Debug|Any CPU
		{3B98BDAF-427F-4E7C-92B6-FBF4552191AB}.Release|Any CPU.ActiveCfg = Release|Any CPU
		{3B98BDAF-427F-4E7C-92B6-FBF4552191AB}.Release|Any CPU.Build.0 = Release|Any CPU
		{40AE488A-0D18-4F2D-93BE-C216A7220CC7}.Debug|Any CPU.ActiveCfg = Debug|Any CPU
		{40AE488A-0D18-4F2D-93BE-C216A7220CC7}.Debug|Any CPU.Build.0 = Debug|Any CPU
		{40AE488A-0D18-4F2D-93BE-C216A7220CC7}.Release|Any CPU.ActiveCfg = Release|Any CPU
		{40AE488A-0D18-4F2D-93BE-C216A7220CC7}.Release|Any CPU.Build.0 = Release|Any CPU
		{19DD71CE-0D94-4429-87C5-AC86223653DE}.Debug|Any CPU.ActiveCfg = Debug|Any CPU
		{19DD71CE-0D94-4429-87C5-AC86223653DE}.Debug|Any CPU.Build.0 = Debug|Any CPU
		{19DD71CE-0D94-4429-87C5-AC86223653DE}.Release|Any CPU.ActiveCfg = Release|Any CPU
		{19DD71CE-0D94-4429-87C5-AC86223653DE}.Release|Any CPU.Build.0 = Release|Any CPU
	EndGlobalSection
	GlobalSection(SolutionProperties) = preSolution
		HideSolutionNode = FALSE
	EndGlobalSection
	GlobalSection(NestedProjects) = preSolution
		{A42D02CD-0213-4C2A-B28D-1BB27CF89D01} = {8E38BC9A-C2F9-4AA4-8A77-26FD61161611}
		{F17AEC3B-210B-4BA6-8157-5094E1E17618} = {8E38BC9A-C2F9-4AA4-8A77-26FD61161611}
		{B83333D7-93B4-459A-9A35-FAA2B9469040} = {1DD1BF2E-11CD-4EF1-82DD-F1B920C3050C}
		{3B98BDAF-427F-4E7C-92B6-FBF4552191AB} = {1DD1BF2E-11CD-4EF1-82DD-F1B920C3050C}
		{40AE488A-0D18-4F2D-93BE-C216A7220CC7} = {0D6343CB-AE8D-4BE7-A21D-D8822BAF7A0A}
		{19DD71CE-0D94-4429-87C5-AC86223653DE} = {C49AE4DF-5A07-46FF-A4B3-BE22CB861236}
	EndGlobalSection
	GlobalSection(ExtensibilityGlobals) = postSolution
		SolutionGuid = {99A4D0BA-A421-432A-95D9-EDAE7BFAE392}
	EndGlobalSection
EndGlobal
